schema: '2.0'
stages:
  data_ingestion:
    cmd: python src/data/data_ingestion.py
    deps:
    - path: src/data/data_ingestion.py
      hash: md5
      md5: fdb8751121bd3450662f089e11983bd4
      size: 3525
    params:
      params.yaml:
        data_ingestion.test_size: 0.3
    outs:
    - path: data/raw
      hash: md5
      md5: 03b3b604b1f92a17191a7fc947e576d6.dir
      size: 827973
      nfiles: 2
  data_preprocessing:
    cmd: python src/data/data_preprocessing.py
    deps:
    - path: data/raw
      hash: md5
      md5: 03b3b604b1f92a17191a7fc947e576d6.dir
      size: 827973
      nfiles: 2
    - path: src/data/data_preprocessing.py
      hash: md5
      md5: c1e18bf95fcc1e3d80cae9ee7c4a6383
      size: 4014
    outs:
    - path: data/interim
      hash: md5
      md5: 5dc0cd6aef8578eb36f1b67dc4d67723.dir
      size: 566210
      nfiles: 2
  feature_engineering:
    cmd: python src/features/feature_engineering.py
    deps:
    - path: data/interim
      hash: md5
      md5: 5dc0cd6aef8578eb36f1b67dc4d67723.dir
      size: 566210
      nfiles: 2
    - path: src/features/feature_engineering.py
      hash: md5
      md5: c1888aef256c204017522c2ce5fd36a0
      size: 3883
    params:
      params.yaml:
        feature_engineering.max_features: 4000
    outs:
    - path: data/processed
      hash: md5
      md5: ecc5f6c61808772b20e802e766c05fdf.dir
      size: 83060916
      nfiles: 2
    - path: models/vectorizer.pkl
      hash: md5
      md5: 8b4e8eee5b09c9747963f145d3d0bbeb
      size: 95325
  model_building:
    cmd: python src/model/model_building.py
    deps:
    - path: data/processed
      hash: md5
      md5: ecc5f6c61808772b20e802e766c05fdf.dir
      size: 83060916
      nfiles: 2
    - path: src/model/model_building.py
      hash: md5
      md5: 809681a98d52938b43c9befd0b00a422
      size: 2373
    outs:
    - path: models/model.pkl
      hash: md5
      md5: bc957caff41176505f377c28e84cab1d
      size: 32716
  model_evaluation:
    cmd: python src/model/model_evaluation.py
    deps:
    - path: models/model.pkl
      hash: md5
      md5: bc957caff41176505f377c28e84cab1d
      size: 32716
    - path: src/model/model_evaluation.py
      hash: md5
      md5: 15220b51b4315402c97cf6e3e731fc8f
      size: 5269
    outs:
    - path: reports/experiment_info.json
      hash: md5
      md5: 932a2df09640aaf7ebca98a82e33380f
      size: 82
    - path: reports/metrics.json
      hash: md5
      md5: c67b4f191bf0f42b9534ecaa29df4e5e
      size: 142
  model_registration:
    cmd: python src/model/register_model.py
    deps:
    - path: reports/experiment_info.json
      hash: md5
      md5: 932a2df09640aaf7ebca98a82e33380f
      size: 82
    - path: src/model/register_model.py
      hash: md5
      md5: e6aaa4f725ebc7f3e2149e172e9fdb79
      size: 2542
